
Microsoft Visual Studio Solution File, Format Version 12.00
# Visual Studio 15
VisualStudioVersion = 15.0.28307.1401
MinimumVisualStudioVersion = 10.0.40219.1
Project("{F14B399A-7131-4C87-9E4B-1186C45EF12D}") = "ReportsJeff_R1", "ReportsJeff_R1\ReportsJeff_R1.rptproj", "{A7344274-ED39-4060-9E6C-E35F7F4FADB8}"
EndProject
Global
	GlobalSection(SolutionConfigurationPlatforms) = preSolution
		Debug|Default = Debug|Default
		DebugLocal|Default = DebugLocal|Default
		Release|Default = Release|Default
	EndGlobalSection
	GlobalSection(ProjectConfigurationPlatforms) = postSolution
		{A7344274-ED39-4060-9E6C-E35F7F4FADB8}.Debug|Default.ActiveCfg = Debug
		{A7344274-ED39-4060-9E6C-E35F7F4FADB8}.Debug|Default.Build.0 = Debug
		{A7344274-ED39-4060-9E6C-E35F7F4FADB8}.Debug|Default.Deploy.0 = Debug
		{A7344274-ED39-4060-9E6C-E35F7F4FADB8}.DebugLocal|Default.ActiveCfg = DebugLocal
		{A7344274-ED39-4060-9E6C-E35F7F4FADB8}.DebugLocal|Default.Build.0 = DebugLocal
		{A7344274-ED39-4060-9E6C-E35F7F4FADB8}.Release|Default.ActiveCfg = Release
		{A7344274-ED39-4060-9E6C-E35F7F4FADB8}.Release|Default.Build.0 = Release
		{A7344274-ED39-4060-9E6C-E35F7F4FADB8}.Release|Default.Deploy.0 = Release
	EndGlobalSection
	GlobalSection(SolutionProperties) = preSolution
		HideSolutionNode = FALSE
	EndGlobalSection
	GlobalSection(ExtensibilityGlobals) = postSolution
		SolutionGuid = {9896CDFA-14CD-4738-AB2C-2F3F5D6D4F14}
	EndGlobalSection
EndGlobal
